// !$*UTF8*$!
{
	archiveVersion = 1;
	classes = {
	};
	objectVersion = 50;
	objects = {

/* Begin PBXBuildFile section */
		FA207AB72180A40B00D73953 /* AppDelegate.swift in Sources */ = {isa = PBXBuildFile; fileRef = FA207AB62180A40B00D73953 /* AppDelegate.swift */; };
		FA207AB92180A40B00D73953 /* ViewController.swift in Sources */ = {isa = PBXBuildFile; fileRef = FA207AB82180A40B00D73953 /* ViewController.swift */; };
		FA207ABC2180A40B00D73953 /* Main.storyboard in Resources */ = {isa = PBXBuildFile; fileRef = FA207ABA2180A40B00D73953 /* Main.storyboard */; };
		FA207ABE2180A40E00D73953 /* Assets.xcassets in Resources */ = {isa = PBXBuildFile; fileRef = FA207ABD2180A40E00D73953 /* Assets.xcassets */; };
		FA207AC12180A40E00D73953 /* LaunchScreen.storyboard in Resources */ = {isa = PBXBuildFile; fileRef = FA207ABF2180A40E00D73953 /* LaunchScreen.storyboard */; };
		FA222A34218180DD00F23A6D /* TblCell.swift in Sources */ = {isa = PBXBuildFile; fileRef = FA222A33218180DD00F23A6D /* TblCell.swift */; };
		FA222A362181DB9700F23A6D /* PageViewController.swift in Sources */ = {isa = PBXBuildFile; fileRef = FA222A352181DB9700F23A6D /* PageViewController.swift */; };
/* End PBXBuildFile section */

/* Begin PBXFileReference section */
		FA207AB32180A40B00D73953 /* CreateDynamicTableViewWithDynamicAutoLayout.app */ = {isa = PBXFileReference; explicitFileType = wrapper.application; includeInIndex = 0; path = CreateDynamicTableViewWithDynamicAutoLayout.app; sourceTree = BUILT_PRODUCTS_DIR; };
		FA207AB62180A40B00D73953 /* AppDelegate.swift */ = {isa = PBXFileReference; lastKnownFileType = sourcecode.swift; path = AppDelegate.swift; sourceTree = "<group>"; };
		FA207AB82180A40B00D73953 /* ViewController.swift */ = {isa = PBXFileReference; lastKnownFileType = sourcecode.swift; path = ViewController.swift; sourceTree = "<group>"; };
		FA207ABB2180A40B00D73953 /* Base */ = {isa = PBXFileReference; lastKnownFileType = file.storyboard; name = Base; path = Base.lproj/Main.storyboard; sourceTree = "<group>"; };
		FA207ABD2180A40E00D73953 /* Assets.xcassets */ = {isa = PBXFileReference; lastKnownFileType = folder.assetcatalog; path = Assets.xcassets; sourceTree = "<group>"; };
		FA207AC02180A40E00D73953 /* Base */ = {isa = PBXFileReference; lastKnownFileType = file.storyboard; name = Base; path = Base.lproj/LaunchScreen.storyboard; sourceTree = "<group>"; };
		FA207AC22180A40E00D73953 /* Info.plist */ = {isa = PBXFileReference; lastKnownFileType = text.plist.xml; path = Info.plist; sourceTree = "<group>"; };
		FA222A33218180DD00F23A6D /* TblCell.swift */ = {isa = PBXFileReference; lastKnownFileType = sourcecode.swift; path = TblCell.swift; sourceTree = "<group>"; };
		FA222A352181DB9700F23A6D /* PageViewController.swift */ = {isa = PBXFileReference; lastKnownFileType = sourcecode.swift; path = PageViewController.swift; sourceTree = "<group>"; };
/* End PBXFileReference section */

/* Begin PBXFrameworksBuildPhase section */
		FA207AB02180A40B00D73953 /* Frameworks */ = {
			isa = PBXFrameworksBuildPhase;
			buildActionMask = 2147483647;
			files = (
			);
			runOnlyForDeploymentPostprocessing = 0;
		};
/* End PBXFrameworksBuildPhase section */

/* Begin PBXGroup section */
		FA207AAA2180A40B00D73953 = {
			isa = PBXGroup;
			children = (
				FA207AB52180A40B00D73953 /* CreateDynamicTableViewWithDynamicAutoLayout */,
				FA207AB42180A40B00D73953 /* Products */,
			);
			sourceTree = "<group>";
		};
		FA207AB42180A40B00D73953 /* Products */ = {
			isa = PBXGroup;
			children = (
				FA207AB32180A40B00D73953 /* CreateDynamicTableViewWithDynamicAutoLayout.app */,
			);
			name = Products;
			sourceTree = "<group>";
		};
		FA207AB52180A40B00D73953 /* CreateDynamicTableViewWithDynamicAutoLayout */ = {
			isa = PBXGroup;
			children = (
				FA207AB62180A40B00D73953 /* AppDelegate.swift */,
				FA207AB82180A40B00D73953 /* ViewController.swift */,
				FA207ABA2180A40B00D73953 /* Main.storyboard */,
				FA207ABD2180A40E00D73953 /* Assets.xcassets */,
				FA207ABF2180A40E00D73953 /* LaunchScreen.storyboard */,
				FA207AC22180A40E00D73953 /* Info.plist */,
				FA222A33218180DD00F23A6D /* TblCell.swift */,
				FA222A352181DB9700F23A6D /* PageViewController.swift */,
			);
			path = CreateDynamicTableViewWithDynamicAutoLayout;
			sourceTree = "<group>";
		};
/* End PBXGroup section */

/* Begin PBXNativeTarget section */
		FA207AB22180A40B00D73953 /* CreateDynamicTableViewWithDynamicAutoLayout */ = {
			isa = PBXNativeTarget;
			buildConfigurationList = FA207AC52180A40E00D73953 /* Build configuration list for PBXNativeTarget "CreateDynamicTableViewWithDynamicAutoLayout" */;
			buildPhases = (
				FA207AAF2180A40B00D73953 /* Sources */,
				FA207AB02180A40B00D73953 /* Frameworks */,
				FA207AB12180A40B00D73953 /* Resources */,
			);
			buildRules = (
			);
			dependencies = (
			);
			name = CreateDynamicTableViewWithDynamicAutoLayout;
			productName = CreateDynamicTableViewWithDynamicAutoLayout;
			productReference = FA207AB32180A40B00D73953 /* CreateDynamicTableViewWithDynamicAutoLayout.app */;
			productType = "com.apple.product-type.application";
		};
/* End PBXNativeTarget section */

/* Begin PBXProject section */
		FA207AAB2180A40B00D73953 /* Project object */ = {
			isa = PBXProject;
			attributes = {
				LastSwiftUpdateCheck = 1000;
				LastUpgradeCheck = 1000;
				ORGANIZATIONNAME = macbook;
				TargetAttributes = {
					FA207AB22180A40B00D73953 = {
						CreatedOnToolsVersion = 10.0;
					};
				};
			};
			buildConfigurationList = FA207AAE2180A40B00D73953 /* Build configuration list for PBXProject "CreateDynamicTableViewWithDynamicAutoLayout" */;
			compatibilityVersion = "Xcode 9.3";
			developmentRegion = en;
			hasScannedForEncodings = 0;
			knownRegions = (
				en,
				Base,
			);
			mainGroup = FA207AAA2180A40B00D73953;
			productRefGroup = FA207AB42180A40B00D73953 /* Products */;
			projectDirPath = "";
			projectRoot = "";
			targets = (
				FA207AB22180A40B00D73953 /* CreateDynamicTableViewWithDynamicAutoLayout */,
			);
		};
/* End PBXProject section */

/* Begin PBXResourcesBuildPhase section */
		FA207AB12180A40B00D73953 /* Resources */ = {
			isa = PBXResourcesBuildPhase;
			buildActionMask = 2147483647;
			files = (
				FA207AC12180A40E00D73953 /* LaunchScreen.storyboard in Resources */,
				FA207ABE2180A40E00D73953 /* Assets.xcassets in Resources */,
				FA207ABC2180A40B00D73953 /* Main.storyboard in Resources */,
			);
			runOnlyForDeploymentPostprocessing = 0;
		};
/* End PBXResourcesBuildPhase section */

/* Begin PBXSourcesBuildPhase section */
		FA207AAF2180A40B00D73953 /* Sources */ = {
			isa = PBXSourcesBuildPhase;
			buildActionMask = 2147483647;
			files = (
				FA207AB92180A40B00D73953 /* ViewController.swift in Sources */,
				FA207AB72180A40B00D73953 /* AppDelegate.swift in Sources */,
				FA222A34218180DD00F23A6D /* TblCell.swift in Sources */,
				FA222A362181DB9700F23A6D /* PageViewController.swift in Sources */,
			);
			runOnlyForDeploymentPostprocessing = 0;
		};
/* End PBXSourcesBuildPhase section */

/* Begin PBXVariantGroup section */
		FA207ABA2180A40B00D73953 /* Main.storyboard */ = {
			isa = PBXVariantGroup;
			children = (
				FA207ABB2180A40B00D73953 /* Base */,
			);
			name = Main.storyboard;
			sourceTree = "<group>";
		};
		FA207ABF2180A40E00D73953 /* LaunchScreen.storyboard */ = {
			isa = PBXVariantGroup;
			children = (
				FA207AC02180A40E00D73953 /* Base */,
			);
			name = LaunchScreen.storyboard;
			sourceTree = "<group>";
		};
/* End PBXVariantGroup section */

/* Begin XCBuildConfiguration section */
		FA207AC32180A40E00D73953 /* Debug */ = {
			isa = XCBuildConfiguration;
			buildSettings = {
				ALWAYS_SEARCH_USER_PATHS = NO;
				CLANG_ANALYZER_NONNULL = YES;
				CLANG_ANALYZER_NUMBER_OBJECT_CONVERSION = YES_AGGRESSIVE;
				CLANG_CXX_LANGUAGE_STANDARD = "gnu++14";
				CLANG_CXX_LIBRARY = "libc++";
				CLANG_ENABLE_MODULES = YES;
				CLANG_ENABLE_OBJC_ARC = YES;
				CLANG_ENABLE_OBJC_WEAK = YES;
				CLANG_WARN_BLOCK_CAPTURE_AUTORELEASING = YES;
				CLANG_WARN_BOOL_CONVERSION = YES;
				CLANG_WARN_COMMA = YES;
				CLANG_WARN_CONSTANT_CONVERSION = YES;
				CLANG_WARN_DEPRECATED_OBJC_IMPLEMENTATIONS = YES;
				CLANG_WARN_DIRECT_OBJC_ISA_USAGE = YES_ERROR;
				CLANG_WARN_DOCUMENTATION_COMMENTS = YES;
				CLANG_WARN_EMPTY_BODY = YES;
				CLANG_WARN_ENUM_CONVERSION = YES;
				CLANG_WARN_INFINITE_RECURSION = YES;
				CLANG_WARN_INT_CONVERSION = YES;
				CLANG_WARN_NON_LITERAL_NULL_CONVERSION = YES;
				CLANG_WARN_OBJC_IMPLICIT_RETAIN_SELF = YES;
				CLANG_WARN_OBJC_LITERAL_CONVERSION = YES;
				CLANG_WARN_OBJC_ROOT_CLASS = YES_ERROR;
				CLANG_WARN_RANGE_LOOP_ANALYSIS = YES;
				CLANG_WARN_STRICT_PROTOTYPES = YES;
				CLANG_WARN_SUSPICIOUS_MOVE = YES;
				CLANG_WARN_UNGUARDED_AVAILABILITY = YES_AGGRESSIVE;
				CLANG_WARN_UNREACHABLE_CODE = YES;
				CLANG_WARN__DUPLICATE_METHOD_MATCH = YES;
				CODE_SIGN_IDENTITY = "iPhone Developer";
				COPY_PHASE_STRIP = NO;
				DEBUG_INFORMATION_FORMAT = dwarf;
				ENABLE_STRICT_OBJC_MSGSEND = YES;
				ENABLE_TESTABILITY = YES;
				GCC_C_LANGUAGE_STANDARD = gnu11;
				GCC_DYNAMIC_NO_PIC = NO;
				GCC_NO_COMMON_BLOCKS = YES;
				GCC_OPTIMIZATION_LEVEL = 0;
				GCC_PREPROCESSOR_DEFINITIONS = (
					"DEBUG=1",
					"$(inherited)",
				);
				GCC_WARN_64_TO_32_BIT_CONVERSION = YES;
				GCC_WARN_ABOUT_RETURN_TYPE = YES_ERROR;
				GCC_WARN_UNDECLARED_SELECTOR = YES;
				GCC_WARN_UNINITIALIZED_AUTOS = YES_AGGRESSIVE;
				GCC_WARN_UNUSED_FUNCTION = YES;
				GCC_WARN_UNUSED_VARIABLE = YES;
				IPHONEOS_DEPLOYMENT_TARGET = 12.0;
				MTL_ENABLE_DEBUG_INFO = INCLUDE_SOURCE;
				MTL_FAST_MATH = YES;
				ONLY_ACTIVE_ARCH = YES;
				SDKROOT = iphoneos;
				SWIFT_ACTIVE_COMPILATION_CONDITIONS = DEBUG;
				SWIFT_OPTIMIZATION_LEVEL = "-Onone";
			};
			name = Debug;
		};
		FA207AC42180A40E00D73953 /* Release */ = {
			isa = XCBuildConfiguration;
			buildSettings = {
				ALWAYS_SEARCH_USER_PATHS = NO;
				CLANG_ANALYZER_NONNULL = YES;
				CLANG_ANALYZER_NUMBER_OBJECT_CONVERSION = YES_AGGRESSIVE;
				CLANG_CXX_LANGUAGE_STANDARD = "gnu++14";
				CLANG_CXX_LIBRARY = "libc++";
				CLANG_ENABLE_MODULES = YES;
				CLANG_ENABLE_OBJC_ARC = YES;
				CLANG_ENABLE_OBJC_WEAK = YES;
				CLANG_WARN_BLOCK_CAPTURE_AUTORELEASING = YES;
				CLANG_WARN_BOOL_CONVERSION = YES;
				CLANG_WARN_COMMA = YES;
				CLANG_WARN_CONSTANT_CONVERSION = YES;
				CLANG_WARN_DEPRECATED_OBJC_IMPLEMENTATIONS = YES;
				CLANG_WARN_DIRECT_OBJC_ISA_USAGE = YES_ERROR;
				CLANG_WARN_DOCUMENTATION_COMMENTS = YES;
				CLANG_WARN_EMPTY_BODY = YES;
				CLANG_WARN_ENUM_CONVERSION = YES;
				CLANG_WARN_INFINITE_RECURSION = YES;
				CLANG_WARN_INT_CONVERSION = YES;
				CLANG_WARN_NON_LITERAL_NULL_CONVERSION = YES;
				CLANG_WARN_OBJC_IMPLICIT_RETAIN_SELF = YES;
				CLANG_WARN_OBJC_LITERAL_CONVERSION = YES;
				CLANG_WARN_OBJC_ROOT_CLASS = YES_ERROR;
				CLANG_WARN_RANGE_LOOP_ANALYSIS = YES;
				CLANG_WARN_STRICT_PROTOTYPES = YES;
				CLANG_WARN_SUSPICIOUS_MOVE = YES;
				CLANG_WARN_UNGUARDED_AVAILABILITY = YES_AGGRESSIVE;
				CLANG_WARN_UNREACHABLE_CODE = YES;
				CLANG_WARN__DUPLICATE_METHOD_MATCH = YES;
				CODE_SIGN_IDENTITY = "iPhone Developer";
				COPY_PHASE_STRIP = NO;
				DEBUG_INFORMATION_FORMAT = "dwarf-with-dsym";
				ENABLE_NS_ASSERTIONS = NO;
				ENABLE_STRICT_OBJC_MSGSEND = YES;
				GCC_C_LANGUAGE_STANDARD = gnu11;
				GCC_NO_COMMON_BLOCKS = YES;
				GCC_WARN_64_TO_32_BIT_CONVERSION = YES;
				GCC_WARN_ABOUT_RETURN_TYPE = YES_ERROR;
				GCC_WARN_UNDECLARED_SELECTOR = YES;
				GCC_WARN_UNINITIALIZED_AUTOS = YES_AGGRESSIVE;
				GCC_WARN_UNUSED_FUNCTION = YES;
				GCC_WARN_UNUSED_VARIABLE = YES;
				IPHONEOS_DEPLOYMENT_TARGET = 12.0;
				MTL_ENABLE_DEBUG_INFO = NO;
				MTL_FAST_MATH = YES;
				SDKROOT = iphoneos;
				SWIFT_COMPILATION_MODE = wholemodule;
				SWIFT_OPTIMIZATION_LEVEL = "-O";
				VALIDATE_PRODUCT = YES;
			};
			name = Release;
		};
		FA207AC62180A40E00D73953 /* Debug */ = {
			isa = XCBuildConfiguration;
			buildSettings = {
				ASSETCATALOG_COMPILER_APPICON_NAME = AppIcon;
				CODE_SIGN_STYLE = Automatic;
				INFOPLIST_FILE = CreateDynamicTableViewWithDynamicAutoLayout/Info.plist;
				LD_RUNPATH_SEARCH_PATHS = (
					"$(inherited)",
					"@executable_path/Frameworks",
				);
				PRODUCT_BUNDLE_IDENTIFIER = "-23.CreateDynamicTableViewWithDynamicAutoLayout";
				PRODUCT_NAME = "$(TARGET_NAME)";
				SWIFT_VERSION = 4.2;
				TARGETED_DEVICE_FAMILY = "1,2";
			};
			name = Debug;
		};
		FA207AC72180A40E00D73953 /* Release */ = {
			isa = XCBuildConfiguration;
			buildSettings = {
				ASSETCATALOG_COMPILER_APPICON_NAME = AppIcon;
				CODE_SIGN_STYLE = Automatic;
				INFOPLIST_FILE = CreateDynamicTableViewWithDynamicAutoLayout/Info.plist;
				LD_RUNPATH_SEARCH_PATHS = (
					"$(inherited)",
					"@executable_path/Frameworks",
				);
				PRODUCT_BUNDLE_IDENTIFIER = "-23.CreateDynamicTableViewWithDynamicAutoLayout";
				PRODUCT_NAME = "$(TARGET_NAME)";
				SWIFT_VERSION = 4.2;
				TARGETED_DEVICE_FAMILY = "1,2";
			};
			name = Release;
		};
/* End XCBuildConfiguration section */

/* Begin XCConfigurationList section */
		FA207AAE2180A40B00D73953 /* Build configuration list for PBXProject "CreateDynamicTableViewWithDynamicAutoLayout" */ = {
			isa = XCConfigurationList;
			buildConfigurations = (
				FA207AC32180A40E00D73953 /* Debug */,
				FA207AC42180A40E00D73953 /* Release */,
			);
			defaultConfigurationIsVisible = 0;
			defaultConfigurationName = Release;
		};
		FA207AC52180A40E00D73953 /* Build configuration list for PBXNativeTarget "CreateDynamicTableViewWithDynamicAutoLayout" */ = {
			isa = XCConfigurationList;
			buildConfigurations = (
				FA207AC62180A40E00D73953 /* Debug */,
				FA207AC72180A40E00D73953 /* Release */,
			);
			defaultConfigurationIsVisible = 0;
			defaultConfigurationName = Release;
		};
/* End XCConfigurationList section */
	};
	rootObject = FA207AAB2180A40B00D73953 /* Project object */;
}
